
Microsoft Visual Studio Solution File, Format Version 12.00
# Visual Studio Version 17
VisualStudioVersion = 17.4.33110.190
MinimumVisualStudioVersion = 10.0.40219.1
Project("{FAE04EC0-301F-11D3-BF4B-00C04F79EFBC}") = "Scoreboard", "Scoreboard\Scoreboard.csproj", "{F32428A1-BD44-4212-A6B4-FD907D1F5EC3}"
EndProject
Global
	GlobalSection(SolutionConfigurationPlatforms) = preSolution
		Debug|Any CPU = Debug|Any CPU
		Release|Any CPU = Release|Any CPU
	EndGlobalSection
	GlobalSection(ProjectConfigurationPlatforms) = postSolution
		{F32428A1-BD44-4212-A6B4-FD907D1F5EC3}.Debug|Any CPU.ActiveCfg = Debug|Any CPU
		{F32428A1-BD44-4212-A6B4-FD907D1F5EC3}.Debug|Any CPU.Build.0 = Debug|Any CPU
		{F32428A1-BD44-4212-A6B4-FD907D1F5EC3}.Release|Any CPU.ActiveCfg = Release|Any CPU
		{F32428A1-BD44-4212-A6B4-FD907D1F5EC3}.Release|Any CPU.Build.0 = Release|Any CPU
	EndGlobalSection
	GlobalSection(SolutionProperties) = preSolution
		HideSolutionNode = FALSE
	EndGlobalSection
	GlobalSection(ExtensibilityGlobals) = postSolution
		SolutionGuid = {1C4BFA12-DC78-4032-8276-2E124C1C23A4}
	EndGlobalSection
EndGlobal
